// !$*UTF8*$!
{
   archiveVersion = "1";
   objectVersion = "46";
   objects = {
      "Euler::Euler" = {
         isa = "PBXNativeTarget";
         buildConfigurationList = "OBJ_172";
         buildPhases = (
            "OBJ_175",
            "OBJ_243"
         );
         dependencies = (
            "OBJ_246",
            "OBJ_248"
         );
         name = "Euler";
         productName = "Euler";
         productReference = "Euler::Euler::Product";
         productType = "com.apple.product-type.framework";
      };
      "Euler::Euler::Product" = {
         isa = "PBXFileReference";
         path = "Euler.framework";
         sourceTree = "BUILT_PRODUCTS_DIR";
      };
      "Euler::EulerPackageTests::ProductTarget" = {
         isa = "PBXAggregateTarget";
         buildConfigurationList = "OBJ_257";
         buildPhases = (
         );
         dependencies = (
            "OBJ_260"
         );
         name = "EulerPackageTests";
         productName = "EulerPackageTests";
      };
      "Euler::EulerTests" = {
         isa = "PBXNativeTarget";
         buildConfigurationList = "OBJ_262";
         buildPhases = (
            "OBJ_265",
            "OBJ_277"
         );
         dependencies = (
            "OBJ_281",
            "OBJ_282",
            "OBJ_283"
         );
         name = "EulerTests";
         productName = "EulerTests";
         productReference = "Euler::EulerTests::Product";
         productType = "com.apple.product-type.bundle.unit-test";
      };
      "Euler::EulerTests::Product" = {
         isa = "PBXFileReference";
         path = "EulerTests.xctest";
         sourceTree = "BUILT_PRODUCTS_DIR";
      };
      "Euler::SwiftPMPackageDescription" = {
         isa = "PBXNativeTarget";
         buildConfigurationList = "OBJ_251";
         buildPhases = (
            "OBJ_254"
         );
         dependencies = (
         );
         name = "EulerPackageDescription";
         productName = "EulerPackageDescription";
         productType = "com.apple.product-type.framework";
      };
      "OBJ_1" = {
         isa = "PBXProject";
         attributes = {
            LastSwiftMigration = "9999";
            LastUpgradeCheck = "9999";
         };
         buildConfigurationList = "OBJ_2";
         compatibilityVersion = "Xcode 3.2";
         developmentRegion = "en";
         hasScannedForEncodings = "0";
         knownRegions = (
            "en"
         );
         mainGroup = "OBJ_5";
         productRefGroup = "OBJ_159";
         projectDirPath = ".";
         targets = (
            "Euler::Euler",
            "Euler::SwiftPMPackageDescription",
            "Euler::EulerPackageTests::ProductTarget",
            "Euler::EulerTests",
            "SwiftPlot::SVGRenderer",
            "SwiftPlot::SwiftPlot",
            "SwiftPlot::SwiftPMPackageDescription"
         );
      };
      "OBJ_10" = {
         isa = "PBXFileReference";
         path = "Expression.swift";
         sourceTree = "<group>";
      };
      "OBJ_100" = {
         isa = "PBXFileReference";
         path = "BigIntTests.swift";
         sourceTree = "<group>";
      };
      "OBJ_101" = {
         isa = "PBXFileReference";
         path = "Cryptography.swift";
         sourceTree = "<group>";
      };
      "OBJ_102" = {
         isa = "PBXFileReference";
         path = "ExtensionsTests.swift";
         sourceTree = "<group>";
      };
      "OBJ_103" = {
         isa = "PBXFileReference";
         path = "GeneratorsTests.swift";
         sourceTree = "<group>";
      };
      "OBJ_104" = {
         isa = "PBXFileReference";
         path = "GeometryTests.swift";
         sourceTree = "<group>";
      };
      "OBJ_105" = {
         isa = "PBXFileReference";
         path = "MatrixTest.swift";
         sourceTree = "<group>";
      };
      "OBJ_106" = {
         isa = "PBXFileReference";
         path = "NodeTests.swift";
         sourceTree = "<group>";
      };
      "OBJ_107" = {
         isa = "PBXGroup";
         children = (
            "OBJ_108",
            "OBJ_109"
         );
         name = "Tools";
         path = "Tools";
         sourceTree = "<group>";
      };
      "OBJ_108" = {
         isa = "PBXFileReference";
         path = "Convenience.swift";
         sourceTree = "<group>";
      };
      "OBJ_109" = {
         isa = "PBXFileReference";
         path = "Math.swift";
         sourceTree = "<group>";
      };
      "OBJ_11" = {
         isa = "PBXGroup";
         children = (
            "OBJ_12",
            "OBJ_13",
            "OBJ_14",
            "OBJ_15",
            "OBJ_25",
            "OBJ_26"
         );
         name = "Parser";
         path = "Parser";
         sourceTree = "<group>";
      };
      "OBJ_110" = {
         isa = "PBXGroup";
         children = (
            "OBJ_111"
         );
         name = "Dependencies";
         path = "";
         sourceTree = "<group>";
      };
      "OBJ_111" = {
         isa = "PBXGroup";
         children = (
            "OBJ_112",
            "OBJ_113",
            "OBJ_114",
            "OBJ_115",
            "OBJ_116",
            "OBJ_117",
            "OBJ_118",
            "OBJ_120",
            "OBJ_157",
            "OBJ_158"
         );
         name = "SwiftPlot";
         path = "";
         sourceTree = "SOURCE_ROOT";
      };
      "OBJ_112" = {
         isa = "PBXGroup";
         children = (
         );
         name = "AGG";
         path = ".build/checkouts/swiftplot/Sources/AGG";
         sourceTree = "SOURCE_ROOT";
      };
      "OBJ_113" = {
         isa = "PBXGroup";
         children = (
         );
         name = "AGGRenderer";
         path = ".build/checkouts/swiftplot/Sources/AGGRenderer/AGGRenderer";
         sourceTree = "SOURCE_ROOT";
      };
      "OBJ_114" = {
         isa = "PBXGroup";
         children = (
         );
         name = "CAGGRenderer";
         path = ".build/checkouts/swiftplot/Sources/AGGRenderer/CAGGRenderer";
         sourceTree = "SOURCE_ROOT";
      };
      "OBJ_115" = {
         isa = "PBXGroup";
         children = (
         );
         name = "CFreeType";
         path = ".build/checkouts/swiftplot/Sources/CFreeType";
         sourceTree = "SOURCE_ROOT";
      };
      "OBJ_116" = {
         isa = "PBXGroup";
         children = (
         );
         name = "CPPAGGRenderer";
         path = ".build/checkouts/swiftplot/Sources/AGGRenderer/CPPAGGRenderer";
         sourceTree = "SOURCE_ROOT";
      };
      "OBJ_117" = {
         isa = "PBXGroup";
         children = (
         );
         name = "QuartzRenderer";
         path = ".build/checkouts/swiftplot/Sources/QuartzRenderer";
         sourceTree = "SOURCE_ROOT";
      };
      "OBJ_118" = {
         isa = "PBXGroup";
         children = (
            "OBJ_119"
         );
         name = "SVGRenderer";
         path = ".build/checkouts/swiftplot/Sources/SVGRenderer";
         sourceTree = "SOURCE_ROOT";
      };
      "OBJ_119" = {
         isa = "PBXFileReference";
         path = "SVGRenderer.swift";
         sourceTree = "<group>";
      };
      "OBJ_12" = {
         isa = "PBXFileReference";
         path = "Grouper.swift";
         sourceTree = "<group>";
      };
      "OBJ_120" = {
         isa = "PBXGroup";
         children = (
            "OBJ_121",
            "OBJ_122",
            "OBJ_123",
            "OBJ_124",
            "OBJ_125",
            "OBJ_129",
            "OBJ_130",
            "OBJ_134",
            "OBJ_135",
            "OBJ_136",
            "OBJ_137",
            "OBJ_138",
            "OBJ_139",
            "OBJ_140",
            "OBJ_141",
            "OBJ_145",
            "OBJ_146",
            "OBJ_147",
            "OBJ_148",
            "OBJ_149",
            "OBJ_150",
            "OBJ_151",
            "OBJ_152",
            "OBJ_153",
            "OBJ_154",
            "OBJ_155",
            "OBJ_156"
         );
         name = "SwiftPlot";
         path = ".build/checkouts/swiftplot/Sources/SwiftPlot";
         sourceTree = "SOURCE_ROOT";
      };
      "OBJ_121" = {
         isa = "PBXFileReference";
         path = "AdaptersNamespace.swift";
         sourceTree = "<group>";
      };
      "OBJ_122" = {
         isa = "PBXFileReference";
         path = "Axis.swift";
         sourceTree = "<group>";
      };
      "OBJ_123" = {
         isa = "PBXFileReference";
         path = "BarChart.swift";
         sourceTree = "<group>";
      };
      "OBJ_124" = {
         isa = "PBXFileReference";
         path = "BarGraphSeriesOptions.swift";
         sourceTree = "<group>";
      };
      "OBJ_125" = {
         isa = "PBXGroup";
         children = (
            "OBJ_126",
            "OBJ_127",
            "OBJ_128"
         );
         name = "Color";
         path = "Color";
         sourceTree = "<group>";
      };
      "OBJ_126" = {
         isa = "PBXFileReference";
         path = "Color.swift";
         sourceTree = "<group>";
      };
      "OBJ_127" = {
         isa = "PBXFileReference";
         path = "ColorMap.swift";
         sourceTree = "<group>";
      };
      "OBJ_128" = {
         isa = "PBXFileReference";
         path = "ColorMapData.swift";
         sourceTree = "<group>";
      };
      "OBJ_129" = {
         isa = "PBXFileReference";
         path = "FloatConvertible.swift";
         sourceTree = "<group>";
      };
      "OBJ_13" = {
         isa = "PBXFileReference";
         path = "LaTeX.swift";
         sourceTree = "<group>";
      };
      "OBJ_130" = {
         isa = "PBXGroup";
         children = (
            "OBJ_131",
            "OBJ_132",
            "OBJ_133"
         );
         name = "Geometry";
         path = "Geometry";
         sourceTree = "<group>";
      };
      "OBJ_131" = {
         isa = "PBXFileReference";
         path = "EdgeComponents.swift";
         sourceTree = "<group>";
      };
      "OBJ_132" = {
         isa = "PBXFileReference";
         path = "Rect.swift";
         sourceTree = "<group>";
      };
      "OBJ_133" = {
         isa = "PBXFileReference";
         path = "Size.swift";
         sourceTree = "<group>";
      };
      "OBJ_134" = {
         isa = "PBXFileReference";
         path = "GraphLayout.swift";
         sourceTree = "<group>";
      };
      "OBJ_135" = {
         isa = "PBXFileReference";
         path = "Heatmap-adapter.swift";
         sourceTree = "<group>";
      };
      "OBJ_136" = {
         isa = "PBXFileReference";
         path = "Heatmap.swift";
         sourceTree = "<group>";
      };
      "OBJ_137" = {
         isa = "PBXFileReference";
         path = "HelperFunction.swift";
         sourceTree = "<group>";
      };
      "OBJ_138" = {
         isa = "PBXFileReference";
         path = "Histogram.swift";
         sourceTree = "<group>";
      };
      "OBJ_139" = {
         isa = "PBXFileReference";
         path = "HistogramSeries.swift";
         sourceTree = "<group>";
      };
      "OBJ_14" = {
         isa = "PBXFileReference";
         path = "Lexer.swift";
         sourceTree = "<group>";
      };
      "OBJ_140" = {
         isa = "PBXFileReference";
         path = "HistogramSeriesOptions.swift";
         sourceTree = "<group>";
      };
      "OBJ_141" = {
         isa = "PBXGroup";
         children = (
            "OBJ_142",
            "OBJ_143",
            "OBJ_144"
         );
         name = "LayoutComponents";
         path = "LayoutComponents";
         sourceTree = "<group>";
      };
      "OBJ_142" = {
         isa = "PBXFileReference";
         path = "Label.swift";
         sourceTree = "<group>";
      };
      "OBJ_143" = {
         isa = "PBXFileReference";
         path = "LayoutComponent.swift";
         sourceTree = "<group>";
      };
      "OBJ_144" = {
         isa = "PBXFileReference";
         path = "Spacing.swift";
         sourceTree = "<group>";
      };
      "OBJ_145" = {
         isa = "PBXFileReference";
         path = "LineChart.swift";
         sourceTree = "<group>";
      };
      "OBJ_146" = {
         isa = "PBXFileReference";
         path = "Pair.swift";
         sourceTree = "<group>";
      };
      "OBJ_147" = {
         isa = "PBXFileReference";
         path = "Plot.swift";
         sourceTree = "<group>";
      };
      "OBJ_148" = {
         isa = "PBXFileReference";
         path = "PlotDimensions.swift";
         sourceTree = "<group>";
      };
      "OBJ_149" = {
         isa = "PBXFileReference";
         path = "PlotMarkers.swift";
         sourceTree = "<group>";
      };
      "OBJ_15" = {
         isa = "PBXGroup";
         children = (
            "OBJ_16",
            "OBJ_17",
            "OBJ_18",
            "OBJ_19",
            "OBJ_20",
            "OBJ_21",
            "OBJ_22",
            "OBJ_23",
            "OBJ_24"
         );
         name = "Node";
         path = "Node";
         sourceTree = "<group>";
      };
      "OBJ_150" = {
         isa = "PBXFileReference";
         path = "PlotStyleHelpers.swift";
         sourceTree = "<group>";
      };
      "OBJ_151" = {
         isa = "PBXFileReference";
         path = "Renderer.swift";
         sourceTree = "<group>";
      };
      "OBJ_152" = {
         isa = "PBXFileReference";
         path = "ScatterChart.swift";
         sourceTree = "<group>";
      };
      "OBJ_153" = {
         isa = "PBXFileReference";
         path = "ScatterPlotSeriesOptions.swift";
         sourceTree = "<group>";
      };
      "OBJ_154" = {
         isa = "PBXFileReference";
         path = "SequencePlots.swift";
         sourceTree = "<group>";
      };
      "OBJ_155" = {
         isa = "PBXFileReference";
         path = "Series.swift";
         sourceTree = "<group>";
      };
      "OBJ_156" = {
         isa = "PBXFileReference";
         path = "SubPlot.swift";
         sourceTree = "<group>";
      };
      "OBJ_157" = {
         isa = "PBXGroup";
         children = (
         );
         name = "lodepng";
         path = ".build/checkouts/swiftplot/Sources/lodepng";
         sourceTree = "SOURCE_ROOT";
      };
      "OBJ_158" = {
         isa = "PBXFileReference";
         explicitFileType = "sourcecode.swift";
         name = "Package.swift";
         path = "/Users/arguiot/GitHub/Euler/.build/checkouts/swiftplot/Package.swift";
         sourceTree = "<group>";
      };
      "OBJ_159" = {
         isa = "PBXGroup";
         children = (
            "Euler::Euler::Product",
            "SwiftPlot::SVGRenderer::Product",
            "Euler::EulerTests::Product",
            "SwiftPlot::SwiftPlot::Product"
         );
         name = "Products";
         path = "";
         sourceTree = "BUILT_PRODUCTS_DIR";
      };
      "OBJ_16" = {
         isa = "PBXFileReference";
         path = "CellAddressNode.swift";
         sourceTree = "<group>";
      };
      "OBJ_164" = {
         isa = "PBXFileReference";
         path = "docs";
         sourceTree = "SOURCE_ROOT";
      };
      "OBJ_165" = {
         isa = "PBXFileReference";
         path = "Configs";
         sourceTree = "SOURCE_ROOT";
      };
      "OBJ_166" = {
         isa = "PBXFileReference";
         path = "build";
         sourceTree = "SOURCE_ROOT";
      };
      "OBJ_167" = {
         isa = "PBXFileReference";
         path = "Euler.svg";
         sourceTree = "<group>";
      };
      "OBJ_168" = {
         isa = "PBXFileReference";
         path = "LICENSE";
         sourceTree = "<group>";
      };
      "OBJ_169" = {
         isa = "PBXFileReference";
         path = "README.md";
         sourceTree = "<group>";
      };
      "OBJ_17" = {
         isa = "PBXFileReference";
         path = "ConstantNode.swift";
         sourceTree = "<group>";
      };
      "OBJ_170" = {
         isa = "PBXFileReference";
         path = "Euler.podspec";
         sourceTree = "<group>";
      };
      "OBJ_172" = {
         isa = "XCConfigurationList";
         buildConfigurations = (
            "OBJ_173",
            "OBJ_174"
         );
         defaultConfigurationIsVisible = "0";
         defaultConfigurationName = "Release";
      };
      "OBJ_173" = {
         isa = "XCBuildConfiguration";
         buildSettings = {
            ENABLE_TESTABILITY = "YES";
            FRAMEWORK_SEARCH_PATHS = (
               "$(inherited)",
               "$(PLATFORM_DIR)/Developer/Library/Frameworks"
            );
            HEADER_SEARCH_PATHS = (
               "$(inherited)"
            );
            INFOPLIST_FILE = "Euler.xcodeproj/Euler_Info.plist";
            LD_RUNPATH_SEARCH_PATHS = (
               "$(inherited)",
               "$(TOOLCHAIN_DIR)/usr/lib/swift/macosx"
            );
            OTHER_CFLAGS = (
               "$(inherited)"
            );
            OTHER_LDFLAGS = (
               "$(inherited)"
            );
            OTHER_SWIFT_FLAGS = (
               "$(inherited)"
            );
            PRODUCT_BUNDLE_IDENTIFIER = "Euler";
            PRODUCT_MODULE_NAME = "$(TARGET_NAME:c99extidentifier)";
            PRODUCT_NAME = "$(TARGET_NAME:c99extidentifier)";
            SKIP_INSTALL = "YES";
            SWIFT_ACTIVE_COMPILATION_CONDITIONS = (
               "$(inherited)"
            );
            SWIFT_VERSION = "4.0";
            TARGET_NAME = "Euler";
         };
         name = "Debug";
      };
      "OBJ_174" = {
         isa = "XCBuildConfiguration";
         buildSettings = {
            ENABLE_TESTABILITY = "YES";
            FRAMEWORK_SEARCH_PATHS = (
               "$(inherited)",
               "$(PLATFORM_DIR)/Developer/Library/Frameworks"
            );
            HEADER_SEARCH_PATHS = (
               "$(inherited)"
            );
            INFOPLIST_FILE = "Euler.xcodeproj/Euler_Info.plist";
            LD_RUNPATH_SEARCH_PATHS = (
               "$(inherited)",
               "$(TOOLCHAIN_DIR)/usr/lib/swift/macosx"
            );
            OTHER_CFLAGS = (
               "$(inherited)"
            );
            OTHER_LDFLAGS = (
               "$(inherited)"
            );
            OTHER_SWIFT_FLAGS = (
               "$(inherited)"
            );
            PRODUCT_BUNDLE_IDENTIFIER = "Euler";
            PRODUCT_MODULE_NAME = "$(TARGET_NAME:c99extidentifier)";
            PRODUCT_NAME = "$(TARGET_NAME:c99extidentifier)";
            SKIP_INSTALL = "YES";
            SWIFT_ACTIVE_COMPILATION_CONDITIONS = (
               "$(inherited)"
            );
            SWIFT_VERSION = "4.0";
            TARGET_NAME = "Euler";
         };
         name = "Release";
      };
      "OBJ_175" = {
         isa = "PBXSourcesBuildPhase";
         files = (
            "OBJ_176",
            "OBJ_177",
            "OBJ_178",
            "OBJ_179",
            "OBJ_180",
            "OBJ_181",
            "OBJ_182",
            "OBJ_183",
            "OBJ_184",
            "OBJ_185",
            "OBJ_186",
            "OBJ_187",
            "OBJ_188",
            "OBJ_189",
            "OBJ_190",
            "OBJ_191",
            "OBJ_192",
            "OBJ_193",
            "OBJ_194",
            "OBJ_195",
            "OBJ_196",
            "OBJ_197",
            "OBJ_198",
            "OBJ_199",
            "OBJ_200",
            "OBJ_201",
            "OBJ_202",
            "OBJ_203",
            "OBJ_204",
            "OBJ_205",
            "OBJ_206",
            "OBJ_207",
            "OBJ_208",
            "OBJ_209",
            "OBJ_210",
            "OBJ_211",
            "OBJ_212",
            "OBJ_213",
            "OBJ_214",
            "OBJ_215",
            "OBJ_216",
            "OBJ_217",
            "OBJ_218",
            "OBJ_219",
            "OBJ_220",
            "OBJ_221",
            "OBJ_222",
            "OBJ_223",
            "OBJ_224",
            "OBJ_225",
            "OBJ_226",
            "OBJ_227",
            "OBJ_228",
            "OBJ_229",
            "OBJ_230",
            "OBJ_231",
            "OBJ_232",
            "OBJ_233",
            "OBJ_234",
            "OBJ_235",
            "OBJ_236",
            "OBJ_237",
            "OBJ_238",
            "OBJ_239",
            "OBJ_240",
            "OBJ_241",
            "OBJ_242"
         );
      };
      "OBJ_176" = {
         isa = "PBXBuildFile";
         fileRef = "OBJ_10";
      };
      "OBJ_177" = {
         isa = "PBXBuildFile";
         fileRef = "OBJ_12";
      };
      "OBJ_178" = {
         isa = "PBXBuildFile";
         fileRef = "OBJ_13";
      };
      "OBJ_179" = {
         isa = "PBXBuildFile";
         fileRef = "OBJ_14";
      };
      "OBJ_18" = {
         isa = "PBXFileReference";
         path = "ExpressionNode.swift";
         sourceTree = "<group>";
      };
      "OBJ_180" = {
         isa = "PBXBuildFile";
         fileRef = "OBJ_16";
      };
      "OBJ_181" = {
         isa = "PBXBuildFile";
         fileRef = "OBJ_17";
      };
      "OBJ_182" = {
         isa = "PBXBuildFile";
         fileRef = "OBJ_18";
      };
      "OBJ_183" = {
         isa = "PBXBuildFile";
         fileRef = "OBJ_19";
      };
      "OBJ_184" = {
         isa = "PBXBuildFile";
         fileRef = "OBJ_20";
      };
      "OBJ_185" = {
         isa = "PBXBuildFile";
         fileRef = "OBJ_21";
      };
      "OBJ_186" = {
         isa = "PBXBuildFile";
         fileRef = "OBJ_22";
      };
      "OBJ_187" = {
         isa = "PBXBuildFile";
         fileRef = "OBJ_23";
      };
      "OBJ_188" = {
         isa = "PBXBuildFile";
         fileRef = "OBJ_24";
      };
      "OBJ_189" = {
         isa = "PBXBuildFile";
         fileRef = "OBJ_25";
      };
      "OBJ_19" = {
         isa = "PBXFileReference";
         path = "FunctionNode.swift";
         sourceTree = "<group>";
      };
      "OBJ_190" = {
         isa = "PBXBuildFile";
         fileRef = "OBJ_27";
      };
      "OBJ_191" = {
         isa = "PBXBuildFile";
         fileRef = "OBJ_28";
      };
      "OBJ_192" = {
         isa = "PBXBuildFile";
         fileRef = "OBJ_30";
      };
      "OBJ_193" = {
         isa = "PBXBuildFile";
         fileRef = "OBJ_32";
      };
      "OBJ_194" = {
         isa = "PBXBuildFile";
         fileRef = "OBJ_34";
      };
      "OBJ_195" = {
         isa = "PBXBuildFile";
         fileRef = "OBJ_36";
      };
      "OBJ_196" = {
         isa = "PBXBuildFile";
         fileRef = "OBJ_37";
      };
      "OBJ_197" = {
         isa = "PBXBuildFile";
         fileRef = "OBJ_38";
      };
      "OBJ_198" = {
         isa = "PBXBuildFile";
         fileRef = "OBJ_40";
      };
      "OBJ_199" = {
         isa = "PBXBuildFile";
         fileRef = "OBJ_41";
      };
      "OBJ_2" = {
         isa = "XCConfigurationList";
         buildConfigurations = (
            "OBJ_3",
            "OBJ_4"
         );
         defaultConfigurationIsVisible = "0";
         defaultConfigurationName = "Release";
      };
      "OBJ_20" = {
         isa = "PBXFileReference";
         path = "Node.swift";
         sourceTree = "<group>";
      };
      "OBJ_200" = {
         isa = "PBXBuildFile";
         fileRef = "OBJ_42";
      };
      "OBJ_201" = {
         isa = "PBXBuildFile";
         fileRef = "OBJ_43";
      };
      "OBJ_202" = {
         isa = "PBXBuildFile";
         fileRef = "OBJ_45";
      };
      "OBJ_203" = {
         isa = "PBXBuildFile";
         fileRef = "OBJ_46";
      };
      "OBJ_204" = {
         isa = "PBXBuildFile";
         fileRef = "OBJ_47";
      };
      "OBJ_205" = {
         isa = "PBXBuildFile";
         fileRef = "OBJ_48";
      };
      "OBJ_206" = {
         isa = "PBXBuildFile";
         fileRef = "OBJ_50";
      };
      "OBJ_207" = {
         isa = "PBXBuildFile";
         fileRef = "OBJ_52";
      };
      "OBJ_208" = {
         isa = "PBXBuildFile";
         fileRef = "OBJ_53";
      };
      "OBJ_209" = {
         isa = "PBXBuildFile";
         fileRef = "OBJ_54";
      };
      "OBJ_21" = {
         isa = "PBXFileReference";
         path = "NullNode.swift";
         sourceTree = "<group>";
      };
      "OBJ_210" = {
         isa = "PBXBuildFile";
         fileRef = "OBJ_56";
      };
      "OBJ_211" = {
         isa = "PBXBuildFile";
         fileRef = "OBJ_57";
      };
      "OBJ_212" = {
         isa = "PBXBuildFile";
         fileRef = "OBJ_58";
      };
      "OBJ_213" = {
         isa = "PBXBuildFile";
         fileRef = "OBJ_60";
      };
      "OBJ_214" = {
         isa = "PBXBuildFile";
         fileRef = "OBJ_61";
      };
      "OBJ_215" = {
         isa = "PBXBuildFile";
         fileRef = "OBJ_62";
      };
      "OBJ_216" = {
         isa = "PBXBuildFile";
         fileRef = "OBJ_64";
      };
      "OBJ_217" = {
         isa = "PBXBuildFile";
         fileRef = "OBJ_65";
      };
      "OBJ_218" = {
         isa = "PBXBuildFile";
         fileRef = "OBJ_66";
      };
      "OBJ_219" = {
         isa = "PBXBuildFile";
         fileRef = "OBJ_67";
      };
      "OBJ_22" = {
         isa = "PBXFileReference";
         path = "OperatorNode.swift";
         sourceTree = "<group>";
      };
      "OBJ_220" = {
         isa = "PBXBuildFile";
         fileRef = "OBJ_68";
      };
      "OBJ_221" = {
         isa = "PBXBuildFile";
         fileRef = "OBJ_69";
      };
      "OBJ_222" = {
         isa = "PBXBuildFile";
         fileRef = "OBJ_70";
      };
      "OBJ_223" = {
         isa = "PBXBuildFile";
         fileRef = "OBJ_71";
      };
      "OBJ_224" = {
         isa = "PBXBuildFile";
         fileRef = "OBJ_72";
      };
      "OBJ_225" = {
         isa = "PBXBuildFile";
         fileRef = "OBJ_73";
      };
      "OBJ_226" = {
         isa = "PBXBuildFile";
         fileRef = "OBJ_74";
      };
      "OBJ_227" = {
         isa = "PBXBuildFile";
         fileRef = "OBJ_76";
      };
      "OBJ_228" = {
         isa = "PBXBuildFile";
         fileRef = "OBJ_77";
      };
      "OBJ_229" = {
         isa = "PBXBuildFile";
         fileRef = "OBJ_78";
      };
      "OBJ_23" = {
         isa = "PBXFileReference";
         path = "StringNode.swift";
         sourceTree = "<group>";
      };
      "OBJ_230" = {
         isa = "PBXBuildFile";
         fileRef = "OBJ_79";
      };
      "OBJ_231" = {
         isa = "PBXBuildFile";
         fileRef = "OBJ_80";
      };
      "OBJ_232" = {
         isa = "PBXBuildFile";
         fileRef = "OBJ_81";
      };
      "OBJ_233" = {
         isa = "PBXBuildFile";
         fileRef = "OBJ_83";
      };
      "OBJ_234" = {
         isa = "PBXBuildFile";
         fileRef = "OBJ_85";
      };
      "OBJ_235" = {
         isa = "PBXBuildFile";
         fileRef = "OBJ_86";
      };
      "OBJ_236" = {
         isa = "PBXBuildFile";
         fileRef = "OBJ_88";
      };
      "OBJ_237" = {
         isa = "PBXBuildFile";
         fileRef = "OBJ_89";
      };
      "OBJ_238" = {
         isa = "PBXBuildFile";
         fileRef = "OBJ_90";
      };
      "OBJ_239" = {
         isa = "PBXBuildFile";
         fileRef = "OBJ_91";
      };
      "OBJ_24" = {
         isa = "PBXFileReference";
         path = "SymbolNode.swift";
         sourceTree = "<group>";
      };
      "OBJ_240" = {
         isa = "PBXBuildFile";
         fileRef = "OBJ_93";
      };
      "OBJ_241" = {
         isa = "PBXBuildFile";
         fileRef = "OBJ_94";
      };
      "OBJ_242" = {
         isa = "PBXBuildFile";
         fileRef = "OBJ_95";
      };
      "OBJ_243" = {
         isa = "PBXFrameworksBuildPhase";
         files = (
            "OBJ_244",
            "OBJ_245"
         );
      };
      "OBJ_244" = {
         isa = "PBXBuildFile";
         fileRef = "SwiftPlot::SVGRenderer::Product";
      };
      "OBJ_245" = {
         isa = "PBXBuildFile";
         fileRef = "SwiftPlot::SwiftPlot::Product";
      };
      "OBJ_246" = {
         isa = "PBXTargetDependency";
         target = "SwiftPlot::SVGRenderer";
      };
      "OBJ_248" = {
         isa = "PBXTargetDependency";
         target = "SwiftPlot::SwiftPlot";
      };
      "OBJ_25" = {
         isa = "PBXFileReference";
         path = "Parser.swift";
         sourceTree = "<group>";
      };
      "OBJ_251" = {
         isa = "XCConfigurationList";
         buildConfigurations = (
            "OBJ_252",
            "OBJ_253"
         );
         defaultConfigurationIsVisible = "0";
         defaultConfigurationName = "Release";
      };
      "OBJ_252" = {
         isa = "XCBuildConfiguration";
         buildSettings = {
            LD = "/usr/bin/true";
            OTHER_SWIFT_FLAGS = (
               "-swift-version",
               "4",
               "-I",
               "$(TOOLCHAIN_DIR)/usr/lib/swift/pm/4",
               "-target",
               "x86_64-apple-macosx10.10",
               "-sdk",
               "/Applications/Xcode.app/Contents/Developer/Platforms/MacOSX.platform/Developer/SDKs/MacOSX10.15.sdk",
               "-package-description-version",
               "4.0.0"
            );
            SWIFT_VERSION = "4.0";
         };
         name = "Debug";
      };
      "OBJ_253" = {
         isa = "XCBuildConfiguration";
         buildSettings = {
            LD = "/usr/bin/true";
            OTHER_SWIFT_FLAGS = (
               "-swift-version",
               "4",
               "-I",
               "$(TOOLCHAIN_DIR)/usr/lib/swift/pm/4",
               "-target",
               "x86_64-apple-macosx10.10",
               "-sdk",
               "/Applications/Xcode.app/Contents/Developer/Platforms/MacOSX.platform/Developer/SDKs/MacOSX10.15.sdk",
               "-package-description-version",
               "4.0.0"
            );
            SWIFT_VERSION = "4.0";
         };
         name = "Release";
      };
      "OBJ_254" = {
         isa = "PBXSourcesBuildPhase";
         files = (
            "OBJ_255"
         );
      };
      "OBJ_255" = {
         isa = "PBXBuildFile";
         fileRef = "OBJ_6";
      };
      "OBJ_257" = {
         isa = "XCConfigurationList";
         buildConfigurations = (
            "OBJ_258",
            "OBJ_259"
         );
         defaultConfigurationIsVisible = "0";
         defaultConfigurationName = "Release";
      };
      "OBJ_258" = {
         isa = "XCBuildConfiguration";
         buildSettings = {
         };
         name = "Debug";
      };
      "OBJ_259" = {
         isa = "XCBuildConfiguration";
         buildSettings = {
         };
         name = "Release";
      };
      "OBJ_26" = {
         isa = "PBXGroup";
         children = (
            "OBJ_27"
         );
         name = "Utils";
         path = "Utils";
         sourceTree = "<group>";
      };
      "OBJ_260" = {
         isa = "PBXTargetDependency";
         target = "Euler::EulerTests";
      };
      "OBJ_262" = {
         isa = "XCConfigurationList";
         buildConfigurations = (
            "OBJ_263",
            "OBJ_264"
         );
         defaultConfigurationIsVisible = "0";
         defaultConfigurationName = "Release";
      };
      "OBJ_263" = {
         isa = "XCBuildConfiguration";
         buildSettings = {
            CLANG_ENABLE_MODULES = "YES";
            EMBEDDED_CONTENT_CONTAINS_SWIFT = "YES";
            FRAMEWORK_SEARCH_PATHS = (
               "$(inherited)",
               "$(PLATFORM_DIR)/Developer/Library/Frameworks"
            );
            HEADER_SEARCH_PATHS = (
               "$(inherited)"
            );
            INFOPLIST_FILE = "Euler.xcodeproj/EulerTests_Info.plist";
            LD_RUNPATH_SEARCH_PATHS = (
               "$(inherited)",
               "@loader_path/../Frameworks",
               "@loader_path/Frameworks"
            );
            OTHER_CFLAGS = (
               "$(inherited)"
            );
            OTHER_LDFLAGS = (
               "$(inherited)"
            );
            OTHER_SWIFT_FLAGS = (
               "$(inherited)"
            );
            SWIFT_ACTIVE_COMPILATION_CONDITIONS = (
               "$(inherited)"
            );
            SWIFT_VERSION = "4.0";
            TARGET_NAME = "EulerTests";
         };
         name = "Debug";
      };
      "OBJ_264" = {
         isa = "XCBuildConfiguration";
         buildSettings = {
            CLANG_ENABLE_MODULES = "YES";
            EMBEDDED_CONTENT_CONTAINS_SWIFT = "YES";
            FRAMEWORK_SEARCH_PATHS = (
               "$(inherited)",
               "$(PLATFORM_DIR)/Developer/Library/Frameworks"
            );
            HEADER_SEARCH_PATHS = (
               "$(inherited)"
            );
            INFOPLIST_FILE = "Euler.xcodeproj/EulerTests_Info.plist";
            LD_RUNPATH_SEARCH_PATHS = (
               "$(inherited)",
               "@loader_path/../Frameworks",
               "@loader_path/Frameworks"
            );
            OTHER_CFLAGS = (
               "$(inherited)"
            );
            OTHER_LDFLAGS = (
               "$(inherited)"
            );
            OTHER_SWIFT_FLAGS = (
               "$(inherited)"
            );
            SWIFT_ACTIVE_COMPILATION_CONDITIONS = (
               "$(inherited)"
            );
            SWIFT_VERSION = "4.0";
            TARGET_NAME = "EulerTests";
         };
         name = "Release";
      };
      "OBJ_265" = {
         isa = "PBXSourcesBuildPhase";
         files = (
            "OBJ_266",
            "OBJ_267",
            "OBJ_268",
            "OBJ_269",
            "OBJ_270",
            "OBJ_271",
            "OBJ_272",
            "OBJ_273",
            "OBJ_274",
            "OBJ_275",
            "OBJ_276"
         );
      };
      "OBJ_266" = {
         isa = "PBXBuildFile";
         fileRef = "OBJ_98";
      };
      "OBJ_267" = {
         isa = "PBXBuildFile";
         fileRef = "OBJ_99";
      };
      "OBJ_268" = {
         isa = "PBXBuildFile";
         fileRef = "OBJ_100";
      };
      "OBJ_269" = {
         isa = "PBXBuildFile";
         fileRef = "OBJ_101";
      };
      "OBJ_27" = {
         isa = "PBXFileReference";
         path = "Regex.swift";
         sourceTree = "<group>";
      };
      "OBJ_270" = {
         isa = "PBXBuildFile";
         fileRef = "OBJ_102";
      };
      "OBJ_271" = {
         isa = "PBXBuildFile";
         fileRef = "OBJ_103";
      };
      "OBJ_272" = {
         isa = "PBXBuildFile";
         fileRef = "OBJ_104";
      };
      "OBJ_273" = {
         isa = "PBXBuildFile";
         fileRef = "OBJ_105";
      };
      "OBJ_274" = {
         isa = "PBXBuildFile";
         fileRef = "OBJ_106";
      };
      "OBJ_275" = {
         isa = "PBXBuildFile";
         fileRef = "OBJ_108";
      };
      "OBJ_276" = {
         isa = "PBXBuildFile";
         fileRef = "OBJ_109";
      };
      "OBJ_277" = {
         isa = "PBXFrameworksBuildPhase";
         files = (
            "OBJ_278",
            "OBJ_279",
            "OBJ_280"
         );
      };
      "OBJ_278" = {
         isa = "PBXBuildFile";
         fileRef = "Euler::Euler::Product";
      };
      "OBJ_279" = {
         isa = "PBXBuildFile";
         fileRef = "SwiftPlot::SVGRenderer::Product";
      };
      "OBJ_28" = {
         isa = "PBXFileReference";
         path = "Polynomial.swift";
         sourceTree = "<group>";
      };
      "OBJ_280" = {
         isa = "PBXBuildFile";
         fileRef = "SwiftPlot::SwiftPlot::Product";
      };
      "OBJ_281" = {
         isa = "PBXTargetDependency";
         target = "Euler::Euler";
      };
      "OBJ_282" = {
         isa = "PBXTargetDependency";
         target = "SwiftPlot::SVGRenderer";
      };
      "OBJ_283" = {
         isa = "PBXTargetDependency";
         target = "SwiftPlot::SwiftPlot";
      };
      "OBJ_284" = {
         isa = "XCConfigurationList";
         buildConfigurations = (
            "OBJ_285",
            "OBJ_286"
         );
         defaultConfigurationIsVisible = "0";
         defaultConfigurationName = "Release";
      };
      "OBJ_285" = {
         isa = "XCBuildConfiguration";
         buildSettings = {
            ENABLE_TESTABILITY = "YES";
            FRAMEWORK_SEARCH_PATHS = (
               "$(inherited)",
               "$(PLATFORM_DIR)/Developer/Library/Frameworks"
            );
            HEADER_SEARCH_PATHS = (
               "$(inherited)"
            );
            INFOPLIST_FILE = "Euler.xcodeproj/SVGRenderer_Info.plist";
            IPHONEOS_DEPLOYMENT_TARGET = "8.0";
            LD_RUNPATH_SEARCH_PATHS = (
               "$(inherited)",
               "$(TOOLCHAIN_DIR)/usr/lib/swift/macosx"
            );
            MACOSX_DEPLOYMENT_TARGET = "10.10";
            OTHER_CFLAGS = (
               "$(inherited)"
            );
            OTHER_LDFLAGS = (
               "$(inherited)"
            );
            OTHER_SWIFT_FLAGS = (
               "$(inherited)"
            );
            PRODUCT_BUNDLE_IDENTIFIER = "SVGRenderer";
            PRODUCT_MODULE_NAME = "$(TARGET_NAME:c99extidentifier)";
            PRODUCT_NAME = "$(TARGET_NAME:c99extidentifier)";
            SKIP_INSTALL = "YES";
            SWIFT_ACTIVE_COMPILATION_CONDITIONS = (
               "$(inherited)"
            );
            SWIFT_VERSION = "5.0";
            TARGET_NAME = "SVGRenderer";
            TVOS_DEPLOYMENT_TARGET = "9.0";
            WATCHOS_DEPLOYMENT_TARGET = "2.0";
         };
         name = "Debug";
      };
      "OBJ_286" = {
         isa = "XCBuildConfiguration";
         buildSettings = {
            ENABLE_TESTABILITY = "YES";
            FRAMEWORK_SEARCH_PATHS = (
               "$(inherited)",
               "$(PLATFORM_DIR)/Developer/Library/Frameworks"
            );
            HEADER_SEARCH_PATHS = (
               "$(inherited)"
            );
            INFOPLIST_FILE = "Euler.xcodeproj/SVGRenderer_Info.plist";
            IPHONEOS_DEPLOYMENT_TARGET = "8.0";
            LD_RUNPATH_SEARCH_PATHS = (
               "$(inherited)",
               "$(TOOLCHAIN_DIR)/usr/lib/swift/macosx"
            );
            MACOSX_DEPLOYMENT_TARGET = "10.10";
            OTHER_CFLAGS = (
               "$(inherited)"
            );
            OTHER_LDFLAGS = (
               "$(inherited)"
            );
            OTHER_SWIFT_FLAGS = (
               "$(inherited)"
            );
            PRODUCT_BUNDLE_IDENTIFIER = "SVGRenderer";
            PRODUCT_MODULE_NAME = "$(TARGET_NAME:c99extidentifier)";
            PRODUCT_NAME = "$(TARGET_NAME:c99extidentifier)";
            SKIP_INSTALL = "YES";
            SWIFT_ACTIVE_COMPILATION_CONDITIONS = (
               "$(inherited)"
            );
            SWIFT_VERSION = "5.0";
            TARGET_NAME = "SVGRenderer";
            TVOS_DEPLOYMENT_TARGET = "9.0";
            WATCHOS_DEPLOYMENT_TARGET = "2.0";
         };
         name = "Release";
      };
      "OBJ_287" = {
         isa = "PBXSourcesBuildPhase";
         files = (
            "OBJ_288"
         );
      };
      "OBJ_288" = {
         isa = "PBXBuildFile";
         fileRef = "OBJ_119";
      };
      "OBJ_289" = {
         isa = "PBXFrameworksBuildPhase";
         files = (
            "OBJ_290"
         );
      };
      "OBJ_29" = {
         isa = "PBXGroup";
         children = (
            "OBJ_30"
         );
         name = "Simplify";
         path = "Simplify";
         sourceTree = "<group>";
      };
      "OBJ_290" = {
         isa = "PBXBuildFile";
         fileRef = "SwiftPlot::SwiftPlot::Product";
      };
      "OBJ_291" = {
         isa = "PBXTargetDependency";
         target = "SwiftPlot::SwiftPlot";
      };
      "OBJ_292" = {
         isa = "XCConfigurationList";
         buildConfigurations = (
            "OBJ_293",
            "OBJ_294"
         );
         defaultConfigurationIsVisible = "0";
         defaultConfigurationName = "Release";
      };
      "OBJ_293" = {
         isa = "XCBuildConfiguration";
         buildSettings = {
            ENABLE_TESTABILITY = "YES";
            FRAMEWORK_SEARCH_PATHS = (
               "$(inherited)",
               "$(PLATFORM_DIR)/Developer/Library/Frameworks"
            );
            HEADER_SEARCH_PATHS = (
               "$(inherited)"
            );
            INFOPLIST_FILE = "Euler.xcodeproj/SwiftPlot_Info.plist";
            IPHONEOS_DEPLOYMENT_TARGET = "8.0";
            LD_RUNPATH_SEARCH_PATHS = (
               "$(inherited)",
               "$(TOOLCHAIN_DIR)/usr/lib/swift/macosx"
            );
            MACOSX_DEPLOYMENT_TARGET = "10.10";
            OTHER_CFLAGS = (
               "$(inherited)"
            );
            OTHER_LDFLAGS = (
               "$(inherited)"
            );
            OTHER_SWIFT_FLAGS = (
               "$(inherited)"
            );
            PRODUCT_BUNDLE_IDENTIFIER = "SwiftPlot";
            PRODUCT_MODULE_NAME = "$(TARGET_NAME:c99extidentifier)";
            PRODUCT_NAME = "$(TARGET_NAME:c99extidentifier)";
            SKIP_INSTALL = "YES";
            SWIFT_ACTIVE_COMPILATION_CONDITIONS = (
               "$(inherited)"
            );
            SWIFT_VERSION = "5.0";
            TARGET_NAME = "SwiftPlot";
            TVOS_DEPLOYMENT_TARGET = "9.0";
            WATCHOS_DEPLOYMENT_TARGET = "2.0";
         };
         name = "Debug";
      };
      "OBJ_294" = {
         isa = "XCBuildConfiguration";
         buildSettings = {
            ENABLE_TESTABILITY = "YES";
            FRAMEWORK_SEARCH_PATHS = (
               "$(inherited)",
               "$(PLATFORM_DIR)/Developer/Library/Frameworks"
            );
            HEADER_SEARCH_PATHS = (
               "$(inherited)"
            );
            INFOPLIST_FILE = "Euler.xcodeproj/SwiftPlot_Info.plist";
            IPHONEOS_DEPLOYMENT_TARGET = "8.0";
            LD_RUNPATH_SEARCH_PATHS = (
               "$(inherited)",
               "$(TOOLCHAIN_DIR)/usr/lib/swift/macosx"
            );
            MACOSX_DEPLOYMENT_TARGET = "10.10";
            OTHER_CFLAGS = (
               "$(inherited)"
            );
            OTHER_LDFLAGS = (
               "$(inherited)"
            );
            OTHER_SWIFT_FLAGS = (
               "$(inherited)"
            );
            PRODUCT_BUNDLE_IDENTIFIER = "SwiftPlot";
            PRODUCT_MODULE_NAME = "$(TARGET_NAME:c99extidentifier)";
            PRODUCT_NAME = "$(TARGET_NAME:c99extidentifier)";
            SKIP_INSTALL = "YES";
            SWIFT_ACTIVE_COMPILATION_CONDITIONS = (
               "$(inherited)"
            );
            SWIFT_VERSION = "5.0";
            TARGET_NAME = "SwiftPlot";
            TVOS_DEPLOYMENT_TARGET = "9.0";
            WATCHOS_DEPLOYMENT_TARGET = "2.0";
         };
         name = "Release";
      };
      "OBJ_295" = {
         isa = "PBXSourcesBuildPhase";
         files = (
            "OBJ_296",
            "OBJ_297",
            "OBJ_298",
            "OBJ_299",
            "OBJ_300",
            "OBJ_301",
            "OBJ_302",
            "OBJ_303",
            "OBJ_304",
            "OBJ_305",
            "OBJ_306",
            "OBJ_307",
            "OBJ_308",
            "OBJ_309",
            "OBJ_310",
            "OBJ_311",
            "OBJ_312",
            "OBJ_313",
            "OBJ_314",
            "OBJ_315",
            "OBJ_316",
            "OBJ_317",
            "OBJ_318",
            "OBJ_319",
            "OBJ_320",
            "OBJ_321",
            "OBJ_322",
            "OBJ_323",
            "OBJ_324",
            "OBJ_325",
            "OBJ_326",
            "OBJ_327",
            "OBJ_328"
         );
      };
      "OBJ_296" = {
         isa = "PBXBuildFile";
         fileRef = "OBJ_121";
      };
      "OBJ_297" = {
         isa = "PBXBuildFile";
         fileRef = "OBJ_122";
      };
      "OBJ_298" = {
         isa = "PBXBuildFile";
         fileRef = "OBJ_123";
      };
      "OBJ_299" = {
         isa = "PBXBuildFile";
         fileRef = "OBJ_124";
      };
      "OBJ_3" = {
         isa = "XCBuildConfiguration";
         buildSettings = {
            CLANG_ENABLE_OBJC_ARC = "YES";
            COMBINE_HIDPI_IMAGES = "YES";
            COPY_PHASE_STRIP = "NO";
            DEBUG_INFORMATION_FORMAT = "dwarf";
            DYLIB_INSTALL_NAME_BASE = "@rpath";
            ENABLE_NS_ASSERTIONS = "YES";
            GCC_OPTIMIZATION_LEVEL = "0";
            GCC_PREPROCESSOR_DEFINITIONS = (
               "$(inherited)",
               "SWIFT_PACKAGE=1",
               "DEBUG=1"
            );
            MACOSX_DEPLOYMENT_TARGET = "10.10";
            ONLY_ACTIVE_ARCH = "YES";
            OTHER_SWIFT_FLAGS = (
               "$(inherited)",
               "-DXcode"
            );
            PRODUCT_NAME = "$(TARGET_NAME)";
            SDKROOT = "macosx";
            SUPPORTED_PLATFORMS = (
               "macosx",
               "iphoneos",
               "iphonesimulator",
               "appletvos",
               "appletvsimulator",
               "watchos",
               "watchsimulator"
            );
            SWIFT_ACTIVE_COMPILATION_CONDITIONS = (
               "$(inherited)",
               "SWIFT_PACKAGE",
               "DEBUG"
            );
            SWIFT_OPTIMIZATION_LEVEL = "-Onone";
            USE_HEADERMAP = "NO";
         };
         name = "Debug";
      };
      "OBJ_30" = {
         isa = "PBXFileReference";
         path = "simplify.swift";
         sourceTree = "<group>";
      };
      "OBJ_300" = {
         isa = "PBXBuildFile";
         fileRef = "OBJ_126";
      };
      "OBJ_301" = {
         isa = "PBXBuildFile";
         fileRef = "OBJ_127";
      };
      "OBJ_302" = {
         isa = "PBXBuildFile";
         fileRef = "OBJ_128";
      };
      "OBJ_303" = {
         isa = "PBXBuildFile";
         fileRef = "OBJ_129";
      };
      "OBJ_304" = {
         isa = "PBXBuildFile";
         fileRef = "OBJ_131";
      };
      "OBJ_305" = {
         isa = "PBXBuildFile";
         fileRef = "OBJ_132";
      };
      "OBJ_306" = {
         isa = "PBXBuildFile";
         fileRef = "OBJ_133";
      };
      "OBJ_307" = {
         isa = "PBXBuildFile";
         fileRef = "OBJ_134";
      };
      "OBJ_308" = {
         isa = "PBXBuildFile";
         fileRef = "OBJ_135";
      };
      "OBJ_309" = {
         isa = "PBXBuildFile";
         fileRef = "OBJ_136";
      };
      "OBJ_31" = {
         isa = "PBXGroup";
         children = (
            "OBJ_32"
         );
         name = "TreeHelper";
         path = "TreeHelper";
         sourceTree = "<group>";
      };
      "OBJ_310" = {
         isa = "PBXBuildFile";
         fileRef = "OBJ_137";
      };
      "OBJ_311" = {
         isa = "PBXBuildFile";
         fileRef = "OBJ_138";
      };
      "OBJ_312" = {
         isa = "PBXBuildFile";
         fileRef = "OBJ_139";
      };
      "OBJ_313" = {
         isa = "PBXBuildFile";
         fileRef = "OBJ_140";
      };
      "OBJ_314" = {
         isa = "PBXBuildFile";
         fileRef = "OBJ_142";
      };
      "OBJ_315" = {
         isa = "PBXBuildFile";
         fileRef = "OBJ_143";
      };
      "OBJ_316" = {
         isa = "PBXBuildFile";
         fileRef = "OBJ_144";
      };
      "OBJ_317" = {
         isa = "PBXBuildFile";
         fileRef = "OBJ_145";
      };
      "OBJ_318" = {
         isa = "PBXBuildFile";
         fileRef = "OBJ_146";
      };
      "OBJ_319" = {
         isa = "PBXBuildFile";
         fileRef = "OBJ_147";
      };
      "OBJ_32" = {
         isa = "PBXFileReference";
         path = "Tree.swift";
         sourceTree = "<group>";
      };
      "OBJ_320" = {
         isa = "PBXBuildFile";
         fileRef = "OBJ_148";
      };
      "OBJ_321" = {
         isa = "PBXBuildFile";
         fileRef = "OBJ_149";
      };
      "OBJ_322" = {
         isa = "PBXBuildFile";
         fileRef = "OBJ_150";
      };
      "OBJ_323" = {
         isa = "PBXBuildFile";
         fileRef = "OBJ_151";
      };
      "OBJ_324" = {
         isa = "PBXBuildFile";
         fileRef = "OBJ_152";
      };
      "OBJ_325" = {
         isa = "PBXBuildFile";
         fileRef = "OBJ_153";
      };
      "OBJ_326" = {
         isa = "PBXBuildFile";
         fileRef = "OBJ_154";
      };
      "OBJ_327" = {
         isa = "PBXBuildFile";
         fileRef = "OBJ_155";
      };
      "OBJ_328" = {
         isa = "PBXBuildFile";
         fileRef = "OBJ_156";
      };
      "OBJ_329" = {
         isa = "PBXFrameworksBuildPhase";
         files = (
         );
      };
      "OBJ_33" = {
         isa = "PBXGroup";
         children = (
            "OBJ_34",
            "OBJ_35",
            "OBJ_39",
            "OBJ_43"
         );
         name = "BigNumber";
         path = "BigNumber";
         sourceTree = "<group>";
      };
      "OBJ_331" = {
         isa = "XCConfigurationList";
         buildConfigurations = (
            "OBJ_332",
            "OBJ_333"
         );
         defaultConfigurationIsVisible = "0";
         defaultConfigurationName = "Release";
      };
      "OBJ_332" = {
         isa = "XCBuildConfiguration";
         buildSettings = {
            LD = "/usr/bin/true";
            OTHER_SWIFT_FLAGS = (
               "-swift-version",
               "5",
               "-I",
               "$(TOOLCHAIN_DIR)/usr/lib/swift/pm/4_2",
               "-target",
               "x86_64-apple-macosx10.10",
               "-sdk",
               "/Applications/Xcode.app/Contents/Developer/Platforms/MacOSX.platform/Developer/SDKs/MacOSX10.15.sdk",
               "-package-description-version",
               "5.1.0"
            );
            SWIFT_VERSION = "5.0";
         };
         name = "Debug";
      };
      "OBJ_333" = {
         isa = "XCBuildConfiguration";
         buildSettings = {
            LD = "/usr/bin/true";
            OTHER_SWIFT_FLAGS = (
               "-swift-version",
               "5",
               "-I",
               "$(TOOLCHAIN_DIR)/usr/lib/swift/pm/4_2",
               "-target",
               "x86_64-apple-macosx10.10",
               "-sdk",
               "/Applications/Xcode.app/Contents/Developer/Platforms/MacOSX.platform/Developer/SDKs/MacOSX10.15.sdk",
               "-package-description-version",
               "5.1.0"
            );
            SWIFT_VERSION = "5.0";
         };
         name = "Release";
      };
      "OBJ_334" = {
         isa = "PBXSourcesBuildPhase";
         files = (
            "OBJ_335"
         );
      };
      "OBJ_335" = {
         isa = "PBXBuildFile";
         fileRef = "OBJ_158";
      };
      "OBJ_34" = {
         isa = "PBXFileReference";
         path = "BNativeExtensions.swift";
         sourceTree = "<group>";
      };
      "OBJ_35" = {
         isa = "PBXGroup";
         children = (
            "OBJ_36",
            "OBJ_37",
            "OBJ_38"
         );
         name = "BigDouble";
         path = "BigDouble";
         sourceTree = "<group>";
      };
      "OBJ_36" = {
         isa = "PBXFileReference";
         path = "BasicOperators.swift";
         sourceTree = "<group>";
      };
      "OBJ_37" = {
         isa = "PBXFileReference";
         path = "BigDouble.swift";
         sourceTree = "<group>";
      };
      "OBJ_38" = {
         isa = "PBXFileReference";
         path = "OperationsBigDouble.swift";
         sourceTree = "<group>";
      };
      "OBJ_39" = {
         isa = "PBXGroup";
         children = (
            "OBJ_40",
            "OBJ_41",
            "OBJ_42"
         );
         name = "BigInt";
         path = "BigInt";
         sourceTree = "<group>";
      };
      "OBJ_4" = {
         isa = "XCBuildConfiguration";
         buildSettings = {
            CLANG_ENABLE_OBJC_ARC = "YES";
            COMBINE_HIDPI_IMAGES = "YES";
            COPY_PHASE_STRIP = "YES";
            DEBUG_INFORMATION_FORMAT = "dwarf-with-dsym";
            DYLIB_INSTALL_NAME_BASE = "@rpath";
            GCC_OPTIMIZATION_LEVEL = "s";
            GCC_PREPROCESSOR_DEFINITIONS = (
               "$(inherited)",
               "SWIFT_PACKAGE=1"
            );
            MACOSX_DEPLOYMENT_TARGET = "10.10";
            OTHER_SWIFT_FLAGS = (
               "$(inherited)",
               "-DXcode"
            );
            PRODUCT_NAME = "$(TARGET_NAME)";
            SDKROOT = "macosx";
            SUPPORTED_PLATFORMS = (
               "macosx",
               "iphoneos",
               "iphonesimulator",
               "appletvos",
               "appletvsimulator",
               "watchos",
               "watchsimulator"
            );
            SWIFT_ACTIVE_COMPILATION_CONDITIONS = (
               "$(inherited)",
               "SWIFT_PACKAGE"
            );
            SWIFT_OPTIMIZATION_LEVEL = "-Owholemodule";
            USE_HEADERMAP = "NO";
         };
         name = "Release";
      };
      "OBJ_40" = {
         isa = "PBXFileReference";
         path = "BigInt.swift";
         sourceTree = "<group>";
      };
      "OBJ_41" = {
         isa = "PBXFileReference";
         path = "BinaryBigInt.swift";
         sourceTree = "<group>";
      };
      "OBJ_42" = {
         isa = "PBXFileReference";
         path = "OperationsBigInt.swift";
         sourceTree = "<group>";
      };
      "OBJ_43" = {
         isa = "PBXFileReference";
         path = "Limbs.swift";
         sourceTree = "<group>";
      };
      "OBJ_44" = {
         isa = "PBXGroup";
         children = (
            "OBJ_45",
            "OBJ_46",
            "OBJ_47"
         );
         name = "Cryptography";
         path = "Cryptography";
         sourceTree = "<group>";
      };
      "OBJ_45" = {
         isa = "PBXFileReference";
         path = "RSA.swift";
         sourceTree = "<group>";
      };
      "OBJ_46" = {
         isa = "PBXFileReference";
         path = "md5.swift";
         sourceTree = "<group>";
      };
      "OBJ_47" = {
         isa = "PBXFileReference";
         path = "sha256.swift";
         sourceTree = "<group>";
      };
      "OBJ_48" = {
         isa = "PBXFileReference";
         path = "Euler.swift";
         sourceTree = "<group>";
      };
      "OBJ_49" = {
         isa = "PBXGroup";
         children = (
            "OBJ_50"
         );
         name = "Extensions";
         path = "Extensions";
         sourceTree = "<group>";
      };
      "OBJ_5" = {
         isa = "PBXGroup";
         children = (
            "OBJ_6",
            "OBJ_7",
            "OBJ_96",
            "OBJ_110",
            "OBJ_159",
            "OBJ_164",
            "OBJ_165",
            "OBJ_166",
            "OBJ_167",
            "OBJ_168",
            "OBJ_169",
            "OBJ_170"
         );
         path = "";
         sourceTree = "<group>";
      };
      "OBJ_50" = {
         isa = "PBXFileReference";
         path = "Array.swift";
         sourceTree = "<group>";
      };
      "OBJ_51" = {
         isa = "PBXGroup";
         children = (
            "OBJ_52",
            "OBJ_53",
            "OBJ_54"
         );
         name = "Generators";
         path = "Generators";
         sourceTree = "<group>";
      };
      "OBJ_52" = {
         isa = "PBXFileReference";
         path = "Collatz.swift";
         sourceTree = "<group>";
      };
      "OBJ_53" = {
         isa = "PBXFileReference";
         path = "Fibonacci.swift";
         sourceTree = "<group>";
      };
      "OBJ_54" = {
         isa = "PBXFileReference";
         path = "Sieve.swift";
         sourceTree = "<group>";
      };
      "OBJ_55" = {
         isa = "PBXGroup";
         children = (
            "OBJ_56",
            "OBJ_57",
            "OBJ_58"
         );
         name = "Geometry";
         path = "Geometry";
         sourceTree = "<group>";
      };
      "OBJ_56" = {
         isa = "PBXFileReference";
         path = "Graph.swift";
         sourceTree = "<group>";
      };
      "OBJ_57" = {
         isa = "PBXFileReference";
         path = "Point.swift";
         sourceTree = "<group>";
      };
      "OBJ_58" = {
         isa = "PBXFileReference";
         path = "Vector.swift";
         sourceTree = "<group>";
      };
      "OBJ_59" = {
         isa = "PBXGroup";
         children = (
            "OBJ_60",
            "OBJ_61",
            "OBJ_62"
         );
         name = "Matrices";
         path = "Matrices";
         sourceTree = "<group>";
      };
      "OBJ_6" = {
         isa = "PBXFileReference";
         explicitFileType = "sourcecode.swift";
         path = "Package.swift";
         sourceTree = "<group>";
      };
      "OBJ_60" = {
         isa = "PBXFileReference";
         path = "MOperations.swift";
         sourceTree = "<group>";
      };
      "OBJ_61" = {
         isa = "PBXFileReference";
         path = "MProperties.swift";
         sourceTree = "<group>";
      };
      "OBJ_62" = {
         isa = "PBXFileReference";
         path = "Matrix.swift";
         sourceTree = "<group>";
      };
      "OBJ_63" = {
         isa = "PBXGroup";
         children = (
            "OBJ_64",
            "OBJ_65",
            "OBJ_66",
            "OBJ_67",
            "OBJ_68",
            "OBJ_69",
            "OBJ_70",
            "OBJ_71",
            "OBJ_72",
            "OBJ_73",
            "OBJ_74"
         );
         name = "NumberTheory";
         path = "NumberTheory";
         sourceTree = "<group>";
      };
      "OBJ_64" = {
         isa = "PBXFileReference";
         path = "Constants.swift";
         sourceTree = "<group>";
      };
      "OBJ_65" = {
         isa = "PBXFileReference";
         path = "Logarithms.swift";
         sourceTree = "<group>";
      };
      "OBJ_66" = {
         isa = "PBXFileReference";
         path = "combinations.swift";
         sourceTree = "<group>";
      };
      "OBJ_67" = {
         isa = "PBXFileReference";
         path = "fibonacci.swift";
         sourceTree = "<group>";
      };
      "OBJ_68" = {
         isa = "PBXFileReference";
         path = "gamma.swift";
         sourceTree = "<group>";
      };
      "OBJ_69" = {
         isa = "PBXFileReference";
         path = "gcd.swift";
         sourceTree = "<group>";
      };
      "OBJ_7" = {
         isa = "PBXGroup";
         children = (
            "OBJ_8"
         );
         name = "Sources";
         path = "";
         sourceTree = "SOURCE_ROOT";
      };
      "OBJ_70" = {
         isa = "PBXFileReference";
         path = "isPrime.swift";
         sourceTree = "<group>";
      };
      "OBJ_71" = {
         isa = "PBXFileReference";
         path = "leastFactor.swift";
         sourceTree = "<group>";
      };
      "OBJ_72" = {
         isa = "PBXFileReference";
         path = "modulo.swift";
         sourceTree = "<group>";
      };
      "OBJ_73" = {
         isa = "PBXFileReference";
         path = "random.swift";
         sourceTree = "<group>";
      };
      "OBJ_74" = {
         isa = "PBXFileReference";
         path = "sum.swift";
         sourceTree = "<group>";
      };
      "OBJ_75" = {
         isa = "PBXGroup";
         children = (
            "OBJ_76",
            "OBJ_77",
            "OBJ_78",
            "OBJ_79",
            "OBJ_80",
            "OBJ_81"
         );
         name = "Statistics";
         path = "Statistics";
         sourceTree = "<group>";
      };
      "OBJ_76" = {
         isa = "PBXFileReference";
         path = "Average.swift";
         sourceTree = "<group>";
      };
      "OBJ_77" = {
         isa = "PBXFileReference";
         path = "Correlation.swift";
         sourceTree = "<group>";
      };
      "OBJ_78" = {
         isa = "PBXFileReference";
         path = "Quantile.swift";
         sourceTree = "<group>";
      };
      "OBJ_79" = {
         isa = "PBXFileReference";
         path = "Regression.swift";
         sourceTree = "<group>";
      };
      "OBJ_8" = {
         isa = "PBXGroup";
         children = (
            "OBJ_9",
            "OBJ_33",
            "OBJ_44",
            "OBJ_48",
            "OBJ_49",
            "OBJ_51",
            "OBJ_55",
            "OBJ_59",
            "OBJ_63",
            "OBJ_75",
            "OBJ_82",
            "OBJ_92"
         );
         name = "Euler";
         path = "Sources/Euler";
         sourceTree = "SOURCE_ROOT";
      };
      "OBJ_80" = {
         isa = "PBXFileReference";
         path = "Statistics.swift";
         sourceTree = "<group>";
      };
      "OBJ_81" = {
         isa = "PBXFileReference";
         path = "Variance.swift";
         sourceTree = "<group>";
      };
      "OBJ_82" = {
         isa = "PBXGroup";
         children = (
            "OBJ_83",
            "OBJ_84",
            "OBJ_87",
            "OBJ_89",
            "OBJ_90",
            "OBJ_91"
         );
         name = "Tables";
         path = "Tables";
         sourceTree = "<group>";
      };
      "OBJ_83" = {
         isa = "PBXFileReference";
         path = "CellValue.swift";
         sourceTree = "<group>";
      };
      "OBJ_84" = {
         isa = "PBXGroup";
         children = (
            "OBJ_85",
            "OBJ_86"
         );
         name = "Formulas";
         path = "Formulas";
         sourceTree = "<group>";
      };
      "OBJ_85" = {
         isa = "PBXFileReference";
         path = "CommonFormulas.swift";
         sourceTree = "<group>";
      };
      "OBJ_86" = {
         isa = "PBXFileReference";
         path = "Logical.swift";
         sourceTree = "<group>";
      };
      "OBJ_87" = {
         isa = "PBXGroup";
         children = (
            "OBJ_88"
         );
         name = "Parser";
         path = "Parser";
         sourceTree = "<group>";
      };
      "OBJ_88" = {
         isa = "PBXFileReference";
         path = "Execute.swift";
         sourceTree = "<group>";
      };
      "OBJ_89" = {
         isa = "PBXFileReference";
         path = "Tables.swift";
         sourceTree = "<group>";
      };
      "OBJ_9" = {
         isa = "PBXGroup";
         children = (
            "OBJ_10",
            "OBJ_11",
            "OBJ_28",
            "OBJ_29",
            "OBJ_31"
         );
         name = "Algebra";
         path = "Algebra";
         sourceTree = "<group>";
      };
      "OBJ_90" = {
         isa = "PBXFileReference";
         path = "TablesDataSource.swift";
         sourceTree = "<group>";
      };
      "OBJ_91" = {
         isa = "PBXFileReference";
         path = "TablesDelegate.swift";
         sourceTree = "<group>";
      };
      "OBJ_92" = {
         isa = "PBXGroup";
         children = (
            "OBJ_93",
            "OBJ_94",
            "OBJ_95"
         );
         name = "Utility";
         path = "Utility";
         sourceTree = "<group>";
      };
      "OBJ_93" = {
         isa = "PBXFileReference";
         path = "Pointers.swift";
         sourceTree = "<group>";
      };
      "OBJ_94" = {
         isa = "PBXFileReference";
         path = "UnsafeMemory.swift";
         sourceTree = "<group>";
      };
      "OBJ_95" = {
         isa = "PBXFileReference";
         path = "UnsafeMutableMemory.swift";
         sourceTree = "<group>";
      };
      "OBJ_96" = {
         isa = "PBXGroup";
         children = (
            "OBJ_97"
         );
         name = "Tests";
         path = "";
         sourceTree = "SOURCE_ROOT";
      };
      "OBJ_97" = {
         isa = "PBXGroup";
         children = (
            "OBJ_98",
            "OBJ_99",
            "OBJ_100",
            "OBJ_101",
            "OBJ_102",
            "OBJ_103",
            "OBJ_104",
            "OBJ_105",
            "OBJ_106",
            "OBJ_107"
         );
         name = "EulerTests";
         path = "Tests/EulerTests";
         sourceTree = "SOURCE_ROOT";
      };
      "OBJ_98" = {
         isa = "PBXFileReference";
         path = "AlgebraTests.swift";
         sourceTree = "<group>";
      };
      "OBJ_99" = {
         isa = "PBXFileReference";
         path = "BigDoubleTests.swift";
         sourceTree = "<group>";
      };
      "SwiftPlot::SVGRenderer" = {
         isa = "PBXNativeTarget";
         buildConfigurationList = "OBJ_284";
         buildPhases = (
            "OBJ_287",
            "OBJ_289"
         );
         dependencies = (
            "OBJ_291"
         );
         name = "SVGRenderer";
         productName = "SVGRenderer";
         productReference = "SwiftPlot::SVGRenderer::Product";
         productType = "com.apple.product-type.framework";
      };
      "SwiftPlot::SVGRenderer::Product" = {
         isa = "PBXFileReference";
         path = "SVGRenderer.framework";
         sourceTree = "BUILT_PRODUCTS_DIR";
      };
      "SwiftPlot::SwiftPMPackageDescription" = {
         isa = "PBXNativeTarget";
         buildConfigurationList = "OBJ_331";
         buildPhases = (
            "OBJ_334"
         );
         dependencies = (
         );
         name = "SwiftPlotPackageDescription";
         productName = "SwiftPlotPackageDescription";
         productType = "com.apple.product-type.framework";
      };
      "SwiftPlot::SwiftPlot" = {
         isa = "PBXNativeTarget";
         buildConfigurationList = "OBJ_292";
         buildPhases = (
            "OBJ_295",
            "OBJ_329"
         );
         dependencies = (
         );
         name = "SwiftPlot";
         productName = "SwiftPlot";
         productReference = "SwiftPlot::SwiftPlot::Product";
         productType = "com.apple.product-type.framework";
      };
      "SwiftPlot::SwiftPlot::Product" = {
         isa = "PBXFileReference";
         path = "SwiftPlot.framework";
         sourceTree = "BUILT_PRODUCTS_DIR";
      };
   };
   rootObject = "OBJ_1";
}
